
Microsoft Visual Studio Solution File, Format Version 11.00
# Visual Studio 2010
Project("{FAE04EC0-301F-11D3-BF4B-00C04F79EFBC}") = "OCREmulator", "OCREmulator\OCREmulator.csproj", "{1A548E1F-C988-4B78-9002-34110921676E}"
EndProject
Project("{FAE04EC0-301F-11D3-BF4B-00C04F79EFBC}") = "SerialProgrammer", "..\FlowDiagrams\SerialProgrammer\SerialProgrammer.csproj", "{39FE70E8-7597-4F15-8C8E-0988A1D55382}"
EndProject
Global
	GlobalSection(SolutionConfigurationPlatforms) = preSolution
		Debug|Any CPU = Debug|Any CPU
		Release|Any CPU = Release|Any CPU
	EndGlobalSection
	GlobalSection(ProjectConfigurationPlatforms) = postSolution
		{1A548E1F-C988-4B78-9002-34110921676E}.Debug|Any CPU.ActiveCfg = Debug|Any CPU
		{1A548E1F-C988-4B78-9002-34110921676E}.Debug|Any CPU.Build.0 = Debug|Any CPU
		{1A548E1F-C988-4B78-9002-34110921676E}.Release|Any CPU.ActiveCfg = Release|Any CPU
		{1A548E1F-C988-4B78-9002-34110921676E}.Release|Any CPU.Build.0 = Release|Any CPU
		{39FE70E8-7597-4F15-8C8E-0988A1D55382}.Debug|Any CPU.ActiveCfg = Debug|Any CPU
		{39FE70E8-7597-4F15-8C8E-0988A1D55382}.Debug|Any CPU.Build.0 = Debug|Any CPU
		{39FE70E8-7597-4F15-8C8E-0988A1D55382}.Release|Any CPU.ActiveCfg = Release|Any CPU
		{39FE70E8-7597-4F15-8C8E-0988A1D55382}.Release|Any CPU.Build.0 = Release|Any CPU
	EndGlobalSection
	GlobalSection(SolutionProperties) = preSolution
		HideSolutionNode = FALSE
	EndGlobalSection
EndGlobal
